Microsoft Visual Studio Solution File, Format Version 12.00
# Visual Studio Version 17
VisualStudioVersion = 17.7.34018.315
MinimumVisualStudioVersion = 10.0.40219.1
Project("{9A19103F-16F7-4668-BE54-9A1E7A4F7556}") = "BDOAlchemyStoneTapper", "BDOAlchemyStoneTapper\BDOAlchemyStoneTapper.csproj", "{7B54F7B9-2653-40D9-AD76-6928FF466FF9}"
	ProjectSection(ProjectDependencies) = postProject
		{3AB215EA-4757-4C60-8681-9B5453AD4738} = {3AB215EA-4757-4C60-8681-9B5453AD4738}
	EndProjectSection
EndProject
Project("{9A19103F-16F7-4668-BE54-9A1E7A4F7556}") = "IVilson.AI.Yolov7net", "BDOAlchemyStoneTapper\Yolov7net\IVilson.AI.Yolov7net.csproj", "{3AB215EA-4757-4C60-8681-9B5453AD4738}"
EndProject
Global
	GlobalSection(SolutionConfigurationPlatforms) = preSolution
		Debug|Any CPU = Debug|Any CPU
		Debug|ARM32 = Debug|ARM32
		Debug|ARM64 = Debug|ARM64
		Debug|x64 = Debug|x64
		Debug|x86 = Debug|x86
		Release|Any CPU = Release|Any CPU
		Release|ARM32 = Release|ARM32
		Release|ARM64 = Release|ARM64
		Release|x64 = Release|x64
		Release|x86 = Release|x86
	EndGlobalSection
	GlobalSection(ProjectConfigurationPlatforms) = postSolution
		{7B54F7B9-2653-40D9-AD76-6928FF466FF9}.Debug|Any CPU.ActiveCfg = Debug|x64
		{7B54F7B9-2653-40D9-AD76-6928FF466FF9}.Debug|Any CPU.Build.0 = Debug|x64
		{7B54F7B9-2653-40D9-AD76-6928FF466FF9}.Debug|ARM32.ActiveCfg = Debug|ARM32
		{7B54F7B9-2653-40D9-AD76-6928FF466FF9}.Debug|ARM32.Build.0 = Debug|ARM32
		{7B54F7B9-2653-40D9-AD76-6928FF466FF9}.Debug|ARM64.ActiveCfg = Debug|ARM64
		{7B54F7B9-2653-40D9-AD76-6928FF466FF9}.Debug|ARM64.Build.0 = Debug|ARM64
		{7B54F7B9-2653-40D9-AD76-6928FF466FF9}.Debug|x64.ActiveCfg = Debug|Any CPU
		{7B54F7B9-2653-40D9-AD76-6928FF466FF9}.Debug|x64.Build.0 = Debug|Any CPU
		{7B54F7B9-2653-40D9-AD76-6928FF466FF9}.Debug|x86.ActiveCfg = Debug|x86
		{7B54F7B9-2653-40D9-AD76-6928FF466FF9}.Debug|x86.Build.0 = Debug|x86
		{7B54F7B9-2653-40D9-AD76-6928FF466FF9}.Release|Any CPU.ActiveCfg = Release|Any CPU
		{7B54F7B9-2653-40D9-AD76-6928FF466FF9}.Release|Any CPU.Build.0 = Release|Any CPU
		{7B54F7B9-2653-40D9-AD76-6928FF466FF9}.Release|ARM32.ActiveCfg = Release|ARM32
		{7B54F7B9-2653-40D9-AD76-6928FF466FF9}.Release|ARM32.Build.0 = Release|ARM32
		{7B54F7B9-2653-40D9-AD76-6928FF466FF9}.Release|ARM64.ActiveCfg = Release|ARM64
		{7B54F7B9-2653-40D9-AD76-6928FF466FF9}.Release|ARM64.Build.0 = Release|ARM64
		{7B54F7B9-2653-40D9-AD76-6928FF466FF9}.Release|x64.ActiveCfg = Release|Any CPU
		{7B54F7B9-2653-40D9-AD76-6928FF466FF9}.Release|x64.Build.0 = Release|Any CPU
		{7B54F7B9-2653-40D9-AD76-6928FF466FF9}.Release|x86.ActiveCfg = Release|x86
		{7B54F7B9-2653-40D9-AD76-6928FF466FF9}.Release|x86.Build.0 = Release|x86
		{3AB215EA-4757-4C60-8681-9B5453AD4738}.Debug|Any CPU.ActiveCfg = Debug|Any CPU
		{3AB215EA-4757-4C60-8681-9B5453AD4738}.Debug|Any CPU.Build.0 = Debug|Any CPU
		{3AB215EA-4757-4C60-8681-9B5453AD4738}.Debug|ARM32.ActiveCfg = Debug|Any CPU
		{3AB215EA-4757-4C60-8681-9B5453AD4738}.Debug|ARM32.Build.0 = Debug|Any CPU
		{3AB215EA-4757-4C60-8681-9B5453AD4738}.Debug|ARM64.ActiveCfg = Debug|Any CPU
		{3AB215EA-4757-4C60-8681-9B5453AD4738}.Debug|ARM64.Build.0 = Debug|Any CPU
		{3AB215EA-4757-4C60-8681-9B5453AD4738}.Debug|x64.ActiveCfg = Debug|Any CPU
		{3AB215EA-4757-4C60-8681-9B5453AD4738}.Debug|x64.Build.0 = Debug|Any CPU
		{3AB215EA-4757-4C60-8681-9B5453AD4738}.Debug|x86.ActiveCfg = Debug|Any CPU
		{3AB215EA-4757-4C60-8681-9B5453AD4738}.Debug|x86.Build.0 = Debug|Any CPU
		{3AB215EA-4757-4C60-8681-9B5453AD4738}.Release|Any CPU.ActiveCfg = Release|Any CPU
		{3AB215EA-4757-4C60-8681-9B5453AD4738}.Release|Any CPU.Build.0 = Release|Any CPU
		{3AB215EA-4757-4C60-8681-9B5453AD4738}.Release|ARM32.ActiveCfg = Release|Any CPU
		{3AB215EA-4757-4C60-8681-9B5453AD4738}.Release|ARM32.Build.0 = Release|Any CPU
		{3AB215EA-4757-4C60-8681-9B5453AD4738}.Release|ARM64.ActiveCfg = Release|Any CPU
		{3AB215EA-4757-4C60-8681-9B5453AD4738}.Release|ARM64.Build.0 = Release|Any CPU
		{3AB215EA-4757-4C60-8681-9B5453AD4738}.Release|x64.ActiveCfg = Release|Any CPU
		{3AB215EA-4757-4C60-8681-9B5453AD4738}.Release|x64.Build.0 = Release|Any CPU
		{3AB215EA-4757-4C60-8681-9B5453AD4738}.Release|x86.ActiveCfg = Release|Any CPU
		{3AB215EA-4757-4C60-8681-9B5453AD4738}.Release|x86.Build.0 = Release|Any CPU
	EndGlobalSection
	GlobalSection(SolutionProperties) = preSolution
		HideSolutionNode = FALSE
	EndGlobalSection
	GlobalSection(ExtensibilityGlobals) = postSolution
		SolutionGuid = {3E309D3C-8C57-4B4B-A49C-5A0DD285648B}
	EndGlobalSection
EndGlobal
