
Microsoft Visual Studio Solution File, Format Version 12.00
# Visual Studio Version 16
VisualStudioVersion = 16.0.33927.289
MinimumVisualStudioVersion = 10.0.40219.1
Project("{FAE04EC0-301F-11D3-BF4B-00C04F79EFBC}") = "GameZBDAlchemyStoneTapper", "GameZBDAlchemyStoneTapper\GameZBDAlchemyStoneTapper.csproj", "{7B54F7B9-2653-40D9-AD76-6928FF466FF9}"
EndProject
Global
	GlobalSection(SolutionConfigurationPlatforms) = preSolution
		Debug|Any CPU = Debug|Any CPU
		Release|Any CPU = Release|Any CPU
	EndGlobalSection
	GlobalSection(ProjectConfigurationPlatforms) = postSolution
		{7B54F7B9-2653-40D9-AD76-6928FF466FF9}.Debug|Any CPU.ActiveCfg = Debug|Any CPU
		{7B54F7B9-2653-40D9-AD76-6928FF466FF9}.Debug|Any CPU.Build.0 = Debug|Any CPU
		{7B54F7B9-2653-40D9-AD76-6928FF466FF9}.Release|Any CPU.ActiveCfg = Release|Any CPU
		{7B54F7B9-2653-40D9-AD76-6928FF466FF9}.Release|Any CPU.Build.0 = Release|Any CPU
	EndGlobalSection
	GlobalSection(SolutionProperties) = preSolution
		HideSolutionNode = FALSE
	EndGlobalSection
	GlobalSection(ExtensibilityGlobals) = postSolution
		SolutionGuid = {3E309D3C-8C57-4B4B-A49C-5A0DD285648B}
	EndGlobalSection
EndGlobal
